
Microsoft Visual Studio Solution File, Format Version 12.00
# Visual Studio Version 17
VisualStudioVersion = 17.14.36811.4
MinimumVisualStudioVersion = 10.0.40219.1
Project("{FAE04EC0-301F-11D3-BF4B-00C04F79EFBC}") = "Studio_AnimationSearch", "Studio_AnimationSearch\Studio_AnimationSearch.csproj", "{6F9B0D2E-CB5F-4681-968A-F64B10A89472}"
EndProject
Project("{FAE04EC0-301F-11D3-BF4B-00C04F79EFBC}") = "AprilFoolSpecial", "AprilFoolSpecial\AprilFoolSpecial.csproj", "{3957EA6C-246D-4CBC-84E9-CCD99F803932}"
EndProject
Project("{FAE04EC0-301F-11D3-BF4B-00C04F79EFBC}") = "UIScalerAndWidescreenSupport", "UIScalerAndWidescreenSupport\UIScalerAndWidescreenSupport.csproj", "{FFF3B68D-5429-4425-BE02-F758F8F377ED}"
EndProject
Project("{FAE04EC0-301F-11D3-BF4B-00C04F79EFBC}") = "AI_ClothesAssignment", "AI_ClothesAssignment\AI_ClothesAssignment.csproj", "{48011A1F-9E3D-4291-95B6-1ECEF94CD8F1}"
EndProject
Project("{FAE04EC0-301F-11D3-BF4B-00C04F79EFBC}") = "PositionSelector", "PositionSelector\PositionSelector.csproj", "{474F82FC-C5EE-4B0F-A82A-22BEED0D17BA}"
EndProject
Global
	GlobalSection(SolutionConfigurationPlatforms) = preSolution
		AI|Any CPU = AI|Any CPU
		Debug|Any CPU = Debug|Any CPU
		HS2|Any CPU = HS2|Any CPU
		KK|Any CPU = KK|Any CPU
		Release|Any CPU = Release|Any CPU
	EndGlobalSection
	GlobalSection(ProjectConfigurationPlatforms) = postSolution
		{6F9B0D2E-CB5F-4681-968A-F64B10A89472}.AI|Any CPU.ActiveCfg = AI|Any CPU
		{6F9B0D2E-CB5F-4681-968A-F64B10A89472}.AI|Any CPU.Build.0 = AI|Any CPU
		{6F9B0D2E-CB5F-4681-968A-F64B10A89472}.Debug|Any CPU.ActiveCfg = Debug|Any CPU
		{6F9B0D2E-CB5F-4681-968A-F64B10A89472}.Debug|Any CPU.Build.0 = Debug|Any CPU
		{6F9B0D2E-CB5F-4681-968A-F64B10A89472}.HS2|Any CPU.ActiveCfg = Debug|Any CPU
		{6F9B0D2E-CB5F-4681-968A-F64B10A89472}.KK|Any CPU.ActiveCfg = Debug|Any CPU
		{6F9B0D2E-CB5F-4681-968A-F64B10A89472}.Release|Any CPU.ActiveCfg = Release|Any CPU
		{6F9B0D2E-CB5F-4681-968A-F64B10A89472}.Release|Any CPU.Build.0 = Release|Any CPU
		{3957EA6C-246D-4CBC-84E9-CCD99F803932}.AI|Any CPU.ActiveCfg = Debug|Any CPU
		{3957EA6C-246D-4CBC-84E9-CCD99F803932}.Debug|Any CPU.ActiveCfg = Debug|Any CPU
		{3957EA6C-246D-4CBC-84E9-CCD99F803932}.Debug|Any CPU.Build.0 = Debug|Any CPU
		{3957EA6C-246D-4CBC-84E9-CCD99F803932}.HS2|Any CPU.ActiveCfg = Debug|Any CPU
		{3957EA6C-246D-4CBC-84E9-CCD99F803932}.KK|Any CPU.ActiveCfg = Debug|Any CPU
		{3957EA6C-246D-4CBC-84E9-CCD99F803932}.Release|Any CPU.ActiveCfg = Release|Any CPU
		{3957EA6C-246D-4CBC-84E9-CCD99F803932}.Release|Any CPU.Build.0 = Release|Any CPU
		{FFF3B68D-5429-4425-BE02-F758F8F377ED}.AI|Any CPU.ActiveCfg = AI|Any CPU
		{FFF3B68D-5429-4425-BE02-F758F8F377ED}.AI|Any CPU.Build.0 = AI|Any CPU
		{FFF3B68D-5429-4425-BE02-F758F8F377ED}.Debug|Any CPU.ActiveCfg = KK|Any CPU
		{FFF3B68D-5429-4425-BE02-F758F8F377ED}.Debug|Any CPU.Build.0 = KK|Any CPU
		{FFF3B68D-5429-4425-BE02-F758F8F377ED}.HS2|Any CPU.ActiveCfg = HS2|Any CPU
		{FFF3B68D-5429-4425-BE02-F758F8F377ED}.HS2|Any CPU.Build.0 = HS2|Any CPU
		{FFF3B68D-5429-4425-BE02-F758F8F377ED}.KK|Any CPU.ActiveCfg = KK|Any CPU
		{FFF3B68D-5429-4425-BE02-F758F8F377ED}.KK|Any CPU.Build.0 = KK|Any CPU
		{FFF3B68D-5429-4425-BE02-F758F8F377ED}.Release|Any CPU.ActiveCfg = KK|Any CPU
		{FFF3B68D-5429-4425-BE02-F758F8F377ED}.Release|Any CPU.Build.0 = KK|Any CPU
		{48011A1F-9E3D-4291-95B6-1ECEF94CD8F1}.AI|Any CPU.ActiveCfg = Release|Any CPU
		{48011A1F-9E3D-4291-95B6-1ECEF94CD8F1}.AI|Any CPU.Build.0 = Release|Any CPU
		{48011A1F-9E3D-4291-95B6-1ECEF94CD8F1}.Debug|Any CPU.ActiveCfg = Debug|Any CPU
		{48011A1F-9E3D-4291-95B6-1ECEF94CD8F1}.Debug|Any CPU.Build.0 = Debug|Any CPU
		{48011A1F-9E3D-4291-95B6-1ECEF94CD8F1}.HS2|Any CPU.ActiveCfg = Debug|Any CPU
		{48011A1F-9E3D-4291-95B6-1ECEF94CD8F1}.KK|Any CPU.ActiveCfg = Debug|Any CPU
		{48011A1F-9E3D-4291-95B6-1ECEF94CD8F1}.Release|Any CPU.ActiveCfg = Release|Any CPU
		{48011A1F-9E3D-4291-95B6-1ECEF94CD8F1}.Release|Any CPU.Build.0 = Release|Any CPU
		{474F82FC-C5EE-4B0F-A82A-22BEED0D17BA}.AI|Any CPU.ActiveCfg = AI|Any CPU
		{474F82FC-C5EE-4B0F-A82A-22BEED0D17BA}.AI|Any CPU.Build.0 = AI|Any CPU
		{474F82FC-C5EE-4B0F-A82A-22BEED0D17BA}.Debug|Any CPU.ActiveCfg = Debug|Any CPU
		{474F82FC-C5EE-4B0F-A82A-22BEED0D17BA}.Debug|Any CPU.Build.0 = Debug|Any CPU
		{474F82FC-C5EE-4B0F-A82A-22BEED0D17BA}.HS2|Any CPU.ActiveCfg = HS2|Any CPU
		{474F82FC-C5EE-4B0F-A82A-22BEED0D17BA}.HS2|Any CPU.Build.0 = HS2|Any CPU
		{474F82FC-C5EE-4B0F-A82A-22BEED0D17BA}.KK|Any CPU.ActiveCfg = KK|Any CPU
		{474F82FC-C5EE-4B0F-A82A-22BEED0D17BA}.KK|Any CPU.Build.0 = KK|Any CPU
		{474F82FC-C5EE-4B0F-A82A-22BEED0D17BA}.Release|Any CPU.ActiveCfg = Release|Any CPU
		{474F82FC-C5EE-4B0F-A82A-22BEED0D17BA}.Release|Any CPU.Build.0 = Release|Any CPU
	EndGlobalSection
	GlobalSection(SolutionProperties) = preSolution
		HideSolutionNode = FALSE
	EndGlobalSection
	GlobalSection(ExtensibilityGlobals) = postSolution
		SolutionGuid = {AE120394-CDF6-4DCB-B491-A4FF3B8141FC}
	EndGlobalSection
EndGlobal
